{"format_version":"1.2","terraform_version":"1.5.7","variables":{"allowed_ports":{"value":[22,3389]}},"planned_values":{"root_module":{"resources":[{"address":"aws_db_instance.postgres","mode":"managed","type":"aws_db_instance","name":"postgres","provider_name":"registry.terraform.io/hashicorp/aws","schema_version":2,"values":{"allocated_storage":20,"allow_major_version_upgrade":null,"apply_immediately":false,"auto_minor_version_upgrade":true,"blue_green_update":[],"copy_tags_to_snapshot":false,"custom_iam_instance_profile":null,"customer_owned_ip_enabled":null,"dedicated_log_volume":false,"delete_automated_backups":true,"deletion_protection":null,"domain":null,"domain_auth_secret_arn":null,"domain_dns_ips":null,"domain_iam_role_name":null,"domain_ou":null,"enabled_cloudwatch_logs_exports":null,"engine":"postgres","final_snapshot_identifier":null,"iam_database_authentication_enabled":null,"instance_class":"db.t3.medium","kms_key_id":"arn:aws:kms:us-east-1:864981743867:key/33a130dd-3460-47fb-aaed-1fd139dbc8b5","manage_master_user_password":null,"max_allocated_storage":null,"monitoring_interval":0,"parameter_group_name":"custom-postgresql-parameter-group","password":"password","performance_insights_enabled":false,"publicly_accessible":false,"replicate_source_db":null,"restore_to_point_in_time":[],"s3_import":[],"skip_final_snapshot":true,"storage_encrypted":true,"tags":{"Name":"example-postgres-instance"},"tags_all":{"Name":"example-postgres-instance"},"timeouts":null,"upgrade_storage_config":null,"username":"dbadmin"},"sensitive_values":{"blue_green_update":[],"listener_endpoint":[],"master_user_secret":[],"replicas":[],"restore_to_point_in_time":[],"s3_import":[],"tags":{},"tags_all":{},"vpc_security_group_ids":[]}},{"address":"aws_db_parameter_group.postgresql","mode":"managed","type":"aws_db_parameter_group","name":"postgresql","provider_name":"registry.terraform.io/hashicorp/aws","schema_version":0,"values":{"arn":"arn:aws:rds:us-east-1:864981743867:pg:custom-postgresql-parameter-group","description":"Custom parameter group for PostgreSQL","family":"postgres16","id":"custom-postgresql-parameter-group","name":"custom-postgresql-parameter-group","name_prefix":"","parameter":[{"apply_method":"immediate","name":"rds.force_ssl","value":"1"}],"skip_destroy":false,"tags":{},"tags_all":{}},"sensitive_values":{"parameter":[{}],"tags":{},"tags_all":{}}},{"address":"aws_instance.example","mode":"managed","type":"aws_instance","name":"example","provider_name":"registry.terraform.io/hashicorp/aws","schema_version":1,"values":{"ami":"ami-05576a079321f21f8","arn":"arn:aws:ec2:us-east-1:864981743867:instance/i-03d563ab019803eae","associate_public_ip_address":true,"availability_zone":"us-east-1a","capacity_reservation_specification":[{"capacity_reservation_preference":"open","capacity_reservation_target":[]}],"cpu_core_count":1,"cpu_options":[{"amd_sev_snp":"","core_count":1,"threads_per_core":1}],"cpu_threads_per_core":1,"credit_specification":[{"cpu_credits":"standard"}],"disable_api_stop":false,"disable_api_termination":false,"ebs_block_device":[],"ebs_optimized":false,"enable_primary_ipv6":null,"enclave_options":[{"enabled":false}],"ephemeral_block_device":[],"get_password_data":false,"hibernation":false,"host_id":"","host_resource_group_arn":null,"iam_instance_profile":"","id":"i-03d563ab019803eae","instance_initiated_shutdown_behavior":"stop","instance_lifecycle":"","instance_market_options":[],"instance_state":"running","instance_type":"t2.micro","ipv6_address_count":0,"ipv6_addresses":[],"key_name":"","launch_template":[],"maintenance_options":[{"auto_recovery":"default"}],"metadata_options":[{"http_endpoint":"enabled","http_protocol_ipv6":"disabled","http_put_response_hop_limit":2,"http_tokens":"required","instance_metadata_tags":"disabled"}],"monitoring":false,"network_interface":[],"outpost_arn":"","password_data":"","placement_group":"","placement_partition_number":0,"primary_network_interface_id":"eni-04692bf5042eda82f","private_dns":"ip-172-31-88-223.ec2.internal","private_dns_name_options":[{"enable_resource_name_dns_a_record":false,"enable_resource_name_dns_aaaa_record":false,"hostname_type":"ip-name"}],"private_ip":"172.31.88.223","public_dns":"ec2-54-204-94-100.compute-1.amazonaws.com","public_ip":"54.204.94.100","root_block_device":[{"delete_on_termination":true,"device_name":"/dev/xvda","encrypted":false,"iops":3000,"kms_key_id":"","tags":{},"tags_all":{},"throughput":125,"volume_id":"vol-05bae293ffcd61f0e","volume_size":8,"volume_type":"gp3"}],"secondary_private_ips":[],"security_groups":["allow_ssh"],"source_dest_check":true,"spot_instance_request_id":"","subnet_id":"subnet-049ab9f4a9274bee4","tags":{"Name":"example-instance"},"tags_all":{"Name":"example-instance"},"tenancy":"default","timeouts":null,"user_data":null,"user_data_base64":null,"user_data_replace_on_change":false,"volume_tags":null,"vpc_security_group_ids":["sg-040bd5d3dfc07639e"]},"sensitive_values":{"capacity_reservation_specification":[{"capacity_reservation_target":[]}],"cpu_options":[{}],"credit_specification":[{}],"ebs_block_device":[],"enclave_options":[{}],"ephemeral_block_device":[],"instance_market_options":[],"ipv6_addresses":[],"launch_template":[],"maintenance_options":[{}],"metadata_options":[{}],"network_interface":[],"private_dns_name_options":[{}],"root_block_device":[{"tags":{},"tags_all":{}}],"secondary_private_ips":[],"security_groups":[false],"tags":{},"tags_all":{},"vpc_security_group_ids":[false]}},{"address":"aws_security_group.allow_ssh","mode":"managed","type":"aws_security_group","name":"allow_ssh","provider_name":"registry.terraform.io/hashicorp/aws","schema_version":1,"values":{"arn":"arn:aws:ec2:us-east-1:864981743867:security-group/sg-040bd5d3dfc07639e","description":"Managed by Terraform","egress":[{"cidr_blocks":["0.0.0.0/0"],"description":"","from_port":0,"ipv6_cidr_blocks":[],"prefix_list_ids":[],"protocol":"-1","security_groups":[],"self":false,"to_port":0}],"id":"sg-040bd5d3dfc07639e","ingress":[{"cidr_blocks":["0.0.0.0/0"],"description":"","from_port":22,"ipv6_cidr_blocks":[],"prefix_list_ids":[],"protocol":"tcp","security_groups":[],"self":false,"to_port":22},{"cidr_blocks":["0.0.0.0/0"],"description":"","from_port":3389,"ipv6_cidr_blocks":[],"prefix_list_ids":[],"protocol":"tcp","security_groups":[],"self":false,"to_port":3389}],"name":"allow_ssh","name_prefix":"","owner_id":"864981743867","revoke_rules_on_delete":false,"tags":{},"tags_all":{},"timeouts":null,"vpc_id":"vpc-0d86301b9ec79dfa4"},"sensitive_values":{"egress":[{"cidr_blocks":[false],"ipv6_cidr_blocks":[],"prefix_list_ids":[],"security_groups":[]}],"ingress":[{"cidr_blocks":[false],"ipv6_cidr_blocks":[],"prefix_list_ids":[],"security_groups":[]},{"cidr_blocks":[false],"ipv6_cidr_blocks":[],"prefix_list_ids":[],"security_groups":[]}],"tags":{},"tags_all":{}}}]}},"resource_drift":[{"address":"aws_db_parameter_group.postgresql","mode":"managed","type":"aws_db_parameter_group","name":"postgresql","provider_name":"registry.terraform.io/hashicorp/aws","change":{"actions":["update"],"before":{"arn":"arn:aws:rds:us-east-1:864981743867:pg:custom-postgresql-parameter-group","description":"Custom parameter group for PostgreSQL","family":"postgres16","id":"custom-postgresql-parameter-group","name":"custom-postgresql-parameter-group","name_prefix":"","parameter":[{"apply_method":"immediate","name":"rds.force_ssl","value":"1"}],"skip_destroy":false,"tags":null,"tags_all":{}},"after":{"arn":"arn:aws:rds:us-east-1:864981743867:pg:custom-postgresql-parameter-group","description":"Custom parameter group for PostgreSQL","family":"postgres16","id":"custom-postgresql-parameter-group","name":"custom-postgresql-parameter-group","name_prefix":"","parameter":[{"apply_method":"pending-reboot","name":"rds.force_ssl","value":"1"}],"skip_destroy":false,"tags":{},"tags_all":{}},"after_unknown":{},"before_sensitive":{"parameter":[{}],"tags_all":{}},"after_sensitive":{"parameter":[{}],"tags":{},"tags_all":{}}}}],"resource_changes":[{"address":"aws_db_instance.postgres","mode":"managed","type":"aws_db_instance","name":"postgres","provider_name":"registry.terraform.io/hashicorp/aws","change":{"actions":["create"],"before":null,"after":{"allocated_storage":20,"allow_major_version_upgrade":null,"apply_immediately":false,"auto_minor_version_upgrade":true,"blue_green_update":[],"copy_tags_to_snapshot":false,"custom_iam_instance_profile":null,"customer_owned_ip_enabled":null,"dedicated_log_volume":false,"delete_automated_backups":true,"deletion_protection":null,"domain":null,"domain_auth_secret_arn":null,"domain_dns_ips":null,"domain_iam_role_name":null,"domain_ou":null,"enabled_cloudwatch_logs_exports":null,"engine":"postgres","final_snapshot_identifier":null,"iam_database_authentication_enabled":null,"instance_class":"db.t3.medium","kms_key_id":"arn:aws:kms:us-east-1:864981743867:key/33a130dd-3460-47fb-aaed-1fd139dbc8b5","manage_master_user_password":null,"max_allocated_storage":null,"monitoring_interval":0,"parameter_group_name":"custom-postgresql-parameter-group","password":"password","performance_insights_enabled":false,"publicly_accessible":false,"replicate_source_db":null,"restore_to_point_in_time":[],"s3_import":[],"skip_final_snapshot":true,"storage_encrypted":true,"tags":{"Name":"example-postgres-instance"},"tags_all":{"Name":"example-postgres-instance"},"timeouts":null,"upgrade_storage_config":null,"username":"dbadmin"},"after_unknown":{"address":true,"arn":true,"availability_zone":true,"backup_retention_period":true,"backup_target":true,"backup_window":true,"blue_green_update":[],"ca_cert_identifier":true,"character_set_name":true,"db_name":true,"db_subnet_group_name":true,"domain_fqdn":true,"endpoint":true,"engine_lifecycle_support":true,"engine_version":true,"engine_version_actual":true,"hosted_zone_id":true,"id":true,"identifier":true,"identifier_prefix":true,"iops":true,"latest_restorable_time":true,"license_model":true,"listener_endpoint":true,"maintenance_window":true,"master_user_secret":true,"master_user_secret_kms_key_id":true,"monitoring_role_arn":true,"multi_az":true,"nchar_character_set_name":true,"network_type":true,"option_group_name":true,"performance_insights_kms_key_id":true,"performance_insights_retention_period":true,"port":true,"replica_mode":true,"replicas":true,"resource_id":true,"restore_to_point_in_time":[],"s3_import":[],"snapshot_identifier":true,"status":true,"storage_throughput":true,"storage_type":true,"tags":{},"tags_all":{},"timezone":true,"vpc_security_group_ids":true},"before_sensitive":false,"after_sensitive":{"blue_green_update":[],"listener_endpoint":[],"master_user_secret":[],"password":true,"replicas":[],"restore_to_point_in_time":[],"s3_import":[],"tags":{},"tags_all":{},"vpc_security_group_ids":[]}}},{"address":"aws_db_parameter_group.postgresql","mode":"managed","type":"aws_db_parameter_group","name":"postgresql","provider_name":"registry.terraform.io/hashicorp/aws","change":{"actions":["update"],"before":{"arn":"arn:aws:rds:us-east-1:864981743867:pg:custom-postgresql-parameter-group","description":"Custom parameter group for PostgreSQL","family":"postgres16","id":"custom-postgresql-parameter-group","name":"custom-postgresql-parameter-group","name_prefix":"","parameter":[{"apply_method":"pending-reboot","name":"rds.force_ssl","value":"1"}],"skip_destroy":false,"tags":{},"tags_all":{}},"after":{"arn":"arn:aws:rds:us-east-1:864981743867:pg:custom-postgresql-parameter-group","description":"Custom parameter group for PostgreSQL","family":"postgres16","id":"custom-postgresql-parameter-group","name":"custom-postgresql-parameter-group","name_prefix":"","parameter":[{"apply_method":"immediate","name":"rds.force_ssl","value":"1"}],"skip_destroy":false,"tags":{},"tags_all":{}},"after_unknown":{},"before_sensitive":{"parameter":[{}],"tags":{},"tags_all":{}},"after_sensitive":{"parameter":[{}],"tags":{},"tags_all":{}}}},{"address":"aws_instance.example","mode":"managed","type":"aws_instance","name":"example","provider_name":"registry.terraform.io/hashicorp/aws","change":{"actions":["no-op"],"before":{"ami":"ami-05576a079321f21f8","arn":"arn:aws:ec2:us-east-1:864981743867:instance/i-03d563ab019803eae","associate_public_ip_address":true,"availability_zone":"us-east-1a","capacity_reservation_specification":[{"capacity_reservation_preference":"open","capacity_reservation_target":[]}],"cpu_core_count":1,"cpu_options":[{"amd_sev_snp":"","core_count":1,"threads_per_core":1}],"cpu_threads_per_core":1,"credit_specification":[{"cpu_credits":"standard"}],"disable_api_stop":false,"disable_api_termination":false,"ebs_block_device":[],"ebs_optimized":false,"enable_primary_ipv6":null,"enclave_options":[{"enabled":false}],"ephemeral_block_device":[],"get_password_data":false,"hibernation":false,"host_id":"","host_resource_group_arn":null,"iam_instance_profile":"","id":"i-03d563ab019803eae","instance_initiated_shutdown_behavior":"stop","instance_lifecycle":"","instance_market_options":[],"instance_state":"running","instance_type":"t2.micro","ipv6_address_count":0,"ipv6_addresses":[],"key_name":"","launch_template":[],"maintenance_options":[{"auto_recovery":"default"}],"metadata_options":[{"http_endpoint":"enabled","http_protocol_ipv6":"disabled","http_put_response_hop_limit":2,"http_tokens":"required","instance_metadata_tags":"disabled"}],"monitoring":false,"network_interface":[],"outpost_arn":"","password_data":"","placement_group":"","placement_partition_number":0,"primary_network_interface_id":"eni-04692bf5042eda82f","private_dns":"ip-172-31-88-223.ec2.internal","private_dns_name_options":[{"enable_resource_name_dns_a_record":false,"enable_resource_name_dns_aaaa_record":false,"hostname_type":"ip-name"}],"private_ip":"172.31.88.223","public_dns":"ec2-54-204-94-100.compute-1.amazonaws.com","public_ip":"54.204.94.100","root_block_device":[{"delete_on_termination":true,"device_name":"/dev/xvda","encrypted":false,"iops":3000,"kms_key_id":"","tags":{},"tags_all":{},"throughput":125,"volume_id":"vol-05bae293ffcd61f0e","volume_size":8,"volume_type":"gp3"}],"secondary_private_ips":[],"security_groups":["allow_ssh"],"source_dest_check":true,"spot_instance_request_id":"","subnet_id":"subnet-049ab9f4a9274bee4","tags":{"Name":"example-instance"},"tags_all":{"Name":"example-instance"},"tenancy":"default","timeouts":null,"user_data":null,"user_data_base64":null,"user_data_replace_on_change":false,"volume_tags":null,"vpc_security_group_ids":["sg-040bd5d3dfc07639e"]},"after":{"ami":"ami-05576a079321f21f8","arn":"arn:aws:ec2:us-east-1:864981743867:instance/i-03d563ab019803eae","associate_public_ip_address":true,"availability_zone":"us-east-1a","capacity_reservation_specification":[{"capacity_reservation_preference":"open","capacity_reservation_target":[]}],"cpu_core_count":1,"cpu_options":[{"amd_sev_snp":"","core_count":1,"threads_per_core":1}],"cpu_threads_per_core":1,"credit_specification":[{"cpu_credits":"standard"}],"disable_api_stop":false,"disable_api_termination":false,"ebs_block_device":[],"ebs_optimized":false,"enable_primary_ipv6":null,"enclave_options":[{"enabled":false}],"ephemeral_block_device":[],"get_password_data":false,"hibernation":false,"host_id":"","host_resource_group_arn":null,"iam_instance_profile":"","id":"i-03d563ab019803eae","instance_initiated_shutdown_behavior":"stop","instance_lifecycle":"","instance_market_options":[],"instance_state":"running","instance_type":"t2.micro","ipv6_address_count":0,"ipv6_addresses":[],"key_name":"","launch_template":[],"maintenance_options":[{"auto_recovery":"default"}],"metadata_options":[{"http_endpoint":"enabled","http_protocol_ipv6":"disabled","http_put_response_hop_limit":2,"http_tokens":"required","instance_metadata_tags":"disabled"}],"monitoring":false,"network_interface":[],"outpost_arn":"","password_data":"","placement_group":"","placement_partition_number":0,"primary_network_interface_id":"eni-04692bf5042eda82f","private_dns":"ip-172-31-88-223.ec2.internal","private_dns_name_options":[{"enable_resource_name_dns_a_record":false,"enable_resource_name_dns_aaaa_record":false,"hostname_type":"ip-name"}],"private_ip":"172.31.88.223","public_dns":"ec2-54-204-94-100.compute-1.amazonaws.com","public_ip":"54.204.94.100","root_block_device":[{"delete_on_termination":true,"device_name":"/dev/xvda","encrypted":false,"iops":3000,"kms_key_id":"","tags":{},"tags_all":{},"throughput":125,"volume_id":"vol-05bae293ffcd61f0e","volume_size":8,"volume_type":"gp3"}],"secondary_private_ips":[],"security_groups":["allow_ssh"],"source_dest_check":true,"spot_instance_request_id":"","subnet_id":"subnet-049ab9f4a9274bee4","tags":{"Name":"example-instance"},"tags_all":{"Name":"example-instance"},"tenancy":"default","timeouts":null,"user_data":null,"user_data_base64":null,"user_data_replace_on_change":false,"volume_tags":null,"vpc_security_group_ids":["sg-040bd5d3dfc07639e"]},"after_unknown":{},"before_sensitive":{"capacity_reservation_specification":[{"capacity_reservation_target":[]}],"cpu_options":[{}],"credit_specification":[{}],"ebs_block_device":[],"enclave_options":[{}],"ephemeral_block_device":[],"instance_market_options":[],"ipv6_addresses":[],"launch_template":[],"maintenance_options":[{}],"metadata_options":[{}],"network_interface":[],"private_dns_name_options":[{}],"root_block_device":[{"tags":{},"tags_all":{}}],"secondary_private_ips":[],"security_groups":[false],"tags":{},"tags_all":{},"vpc_security_group_ids":[false]},"after_sensitive":{"capacity_reservation_specification":[{"capacity_reservation_target":[]}],"cpu_options":[{}],"credit_specification":[{}],"ebs_block_device":[],"enclave_options":[{}],"ephemeral_block_device":[],"instance_market_options":[],"ipv6_addresses":[],"launch_template":[],"maintenance_options":[{}],"metadata_options":[{}],"network_interface":[],"private_dns_name_options":[{}],"root_block_device":[{"tags":{},"tags_all":{}}],"secondary_private_ips":[],"security_groups":[false],"tags":{},"tags_all":{},"vpc_security_group_ids":[false]}}},{"address":"aws_security_group.allow_ssh","mode":"managed","type":"aws_security_group","name":"allow_ssh","provider_name":"registry.terraform.io/hashicorp/aws","change":{"actions":["no-op"],"before":{"arn":"arn:aws:ec2:us-east-1:864981743867:security-group/sg-040bd5d3dfc07639e","description":"Managed by Terraform","egress":[{"cidr_blocks":["0.0.0.0/0"],"description":"","from_port":0,"ipv6_cidr_blocks":[],"prefix_list_ids":[],"protocol":"-1","security_groups":[],"self":false,"to_port":0}],"id":"sg-040bd5d3dfc07639e","ingress":[{"cidr_blocks":["0.0.0.0/0"],"description":"","from_port":22,"ipv6_cidr_blocks":[],"prefix_list_ids":[],"protocol":"tcp","security_groups":[],"self":false,"to_port":22},{"cidr_blocks":["0.0.0.0/0"],"description":"","from_port":3389,"ipv6_cidr_blocks":[],"prefix_list_ids":[],"protocol":"tcp","security_groups":[],"self":false,"to_port":3389}],"name":"allow_ssh","name_prefix":"","owner_id":"864981743867","revoke_rules_on_delete":false,"tags":{},"tags_all":{},"timeouts":null,"vpc_id":"vpc-0d86301b9ec79dfa4"},"after":{"arn":"arn:aws:ec2:us-east-1:864981743867:security-group/sg-040bd5d3dfc07639e","description":"Managed by Terraform","egress":[{"cidr_blocks":["0.0.0.0/0"],"description":"","from_port":0,"ipv6_cidr_blocks":[],"prefix_list_ids":[],"protocol":"-1","security_groups":[],"self":false,"to_port":0}],"id":"sg-040bd5d3dfc07639e","ingress":[{"cidr_blocks":["0.0.0.0/0"],"description":"","from_port":22,"ipv6_cidr_blocks":[],"prefix_list_ids":[],"protocol":"tcp","security_groups":[],"self":false,"to_port":22},{"cidr_blocks":["0.0.0.0/0"],"description":"","from_port":3389,"ipv6_cidr_blocks":[],"prefix_list_ids":[],"protocol":"tcp","security_groups":[],"self":false,"to_port":3389}],"name":"allow_ssh","name_prefix":"","owner_id":"864981743867","revoke_rules_on_delete":false,"tags":{},"tags_all":{},"timeouts":null,"vpc_id":"vpc-0d86301b9ec79dfa4"},"after_unknown":{},"before_sensitive":{"egress":[{"cidr_blocks":[false],"ipv6_cidr_blocks":[],"prefix_list_ids":[],"security_groups":[]}],"ingress":[{"cidr_blocks":[false],"ipv6_cidr_blocks":[],"prefix_list_ids":[],"security_groups":[]},{"cidr_blocks":[false],"ipv6_cidr_blocks":[],"prefix_list_ids":[],"security_groups":[]}],"tags":{},"tags_all":{}},"after_sensitive":{"egress":[{"cidr_blocks":[false],"ipv6_cidr_blocks":[],"prefix_list_ids":[],"security_groups":[]}],"ingress":[{"cidr_blocks":[false],"ipv6_cidr_blocks":[],"prefix_list_ids":[],"security_groups":[]},{"cidr_blocks":[false],"ipv6_cidr_blocks":[],"prefix_list_ids":[],"security_groups":[]}],"tags":{},"tags_all":{}}}}],"prior_state":{"format_version":"1.0","terraform_version":"1.5.7","values":{"root_module":{"resources":[{"address":"data.aws_kms_key.rds","mode":"data","type":"aws_kms_key","name":"rds","provider_name":"registry.terraform.io/hashicorp/aws","schema_version":0,"values":{"arn":"arn:aws:kms:us-east-1:864981743867:key/33a130dd-3460-47fb-aaed-1fd139dbc8b5","aws_account_id":"864981743867","cloud_hsm_cluster_id":"","creation_date":"2025-01-22T12:46:33Z","custom_key_store_id":"","customer_master_key_spec":"SYMMETRIC_DEFAULT","deletion_date":null,"description":"Default key that protects my RDS database volumes when no other key is defined","enabled":true,"expiration_model":"","grant_tokens":null,"id":"33a130dd-3460-47fb-aaed-1fd139dbc8b5","key_id":"alias/aws/rds","key_manager":"AWS","key_spec":"SYMMETRIC_DEFAULT","key_state":"Enabled","key_usage":"ENCRYPT_DECRYPT","multi_region":false,"multi_region_configuration":[],"origin":"AWS_KMS","pending_deletion_window_in_days":0,"valid_to":null,"xks_key_configuration":[]},"sensitive_values":{"multi_region_configuration":[],"xks_key_configuration":[]}},{"address":"data.aws_vpc.main","mode":"data","type":"aws_vpc","name":"main","provider_name":"registry.terraform.io/hashicorp/aws","schema_version":0,"values":{"arn":"arn:aws:ec2:us-east-1:864981743867:vpc/vpc-0d86301b9ec79dfa4","cidr_block":"172.31.0.0/16","cidr_block_associations":[{"association_id":"vpc-cidr-assoc-05a17fdeaabec54f2","cidr_block":"172.31.0.0/16","state":"associated"}],"default":true,"dhcp_options_id":"dopt-0a1bbcffe282bc728","enable_dns_hostnames":true,"enable_dns_support":true,"enable_network_address_usage_metrics":false,"filter":null,"id":"vpc-0d86301b9ec79dfa4","instance_tenancy":"default","ipv6_association_id":"","ipv6_cidr_block":"","main_route_table_id":"rtb-0873b47f198c2884c","owner_id":"864981743867","state":null,"tags":{},"timeouts":null},"sensitive_values":{"cidr_block_associations":[{}],"tags":{}}},{"address":"aws_db_parameter_group.postgresql","mode":"managed","type":"aws_db_parameter_group","name":"postgresql","provider_name":"registry.terraform.io/hashicorp/aws","schema_version":0,"values":{"arn":"arn:aws:rds:us-east-1:864981743867:pg:custom-postgresql-parameter-group","description":"Custom parameter group for PostgreSQL","family":"postgres16","id":"custom-postgresql-parameter-group","name":"custom-postgresql-parameter-group","name_prefix":"","parameter":[{"apply_method":"pending-reboot","name":"rds.force_ssl","value":"1"}],"skip_destroy":false,"tags":{},"tags_all":{}},"sensitive_values":{"parameter":[{}],"tags":{},"tags_all":{}}},{"address":"aws_instance.example","mode":"managed","type":"aws_instance","name":"example","provider_name":"registry.terraform.io/hashicorp/aws","schema_version":1,"values":{"ami":"ami-05576a079321f21f8","arn":"arn:aws:ec2:us-east-1:864981743867:instance/i-03d563ab019803eae","associate_public_ip_address":true,"availability_zone":"us-east-1a","capacity_reservation_specification":[{"capacity_reservation_preference":"open","capacity_reservation_target":[]}],"cpu_core_count":1,"cpu_options":[{"amd_sev_snp":"","core_count":1,"threads_per_core":1}],"cpu_threads_per_core":1,"credit_specification":[{"cpu_credits":"standard"}],"disable_api_stop":false,"disable_api_termination":false,"ebs_block_device":[],"ebs_optimized":false,"enable_primary_ipv6":null,"enclave_options":[{"enabled":false}],"ephemeral_block_device":[],"get_password_data":false,"hibernation":false,"host_id":"","host_resource_group_arn":null,"iam_instance_profile":"","id":"i-03d563ab019803eae","instance_initiated_shutdown_behavior":"stop","instance_lifecycle":"","instance_market_options":[],"instance_state":"running","instance_type":"t2.micro","ipv6_address_count":0,"ipv6_addresses":[],"key_name":"","launch_template":[],"maintenance_options":[{"auto_recovery":"default"}],"metadata_options":[{"http_endpoint":"enabled","http_protocol_ipv6":"disabled","http_put_response_hop_limit":2,"http_tokens":"required","instance_metadata_tags":"disabled"}],"monitoring":false,"network_interface":[],"outpost_arn":"","password_data":"","placement_group":"","placement_partition_number":0,"primary_network_interface_id":"eni-04692bf5042eda82f","private_dns":"ip-172-31-88-223.ec2.internal","private_dns_name_options":[{"enable_resource_name_dns_a_record":false,"enable_resource_name_dns_aaaa_record":false,"hostname_type":"ip-name"}],"private_ip":"172.31.88.223","public_dns":"ec2-54-204-94-100.compute-1.amazonaws.com","public_ip":"54.204.94.100","root_block_device":[{"delete_on_termination":true,"device_name":"/dev/xvda","encrypted":false,"iops":3000,"kms_key_id":"","tags":{},"tags_all":{},"throughput":125,"volume_id":"vol-05bae293ffcd61f0e","volume_size":8,"volume_type":"gp3"}],"secondary_private_ips":[],"security_groups":["allow_ssh"],"source_dest_check":true,"spot_instance_request_id":"","subnet_id":"subnet-049ab9f4a9274bee4","tags":{"Name":"example-instance"},"tags_all":{"Name":"example-instance"},"tenancy":"default","timeouts":null,"user_data":null,"user_data_base64":null,"user_data_replace_on_change":false,"volume_tags":null,"vpc_security_group_ids":["sg-040bd5d3dfc07639e"]},"sensitive_values":{"capacity_reservation_specification":[{"capacity_reservation_target":[]}],"cpu_options":[{}],"credit_specification":[{}],"ebs_block_device":[],"enclave_options":[{}],"ephemeral_block_device":[],"instance_market_options":[],"ipv6_addresses":[],"launch_template":[],"maintenance_options":[{}],"metadata_options":[{}],"network_interface":[],"private_dns_name_options":[{}],"root_block_device":[{"tags":{},"tags_all":{}}],"secondary_private_ips":[],"security_groups":[false],"tags":{},"tags_all":{},"vpc_security_group_ids":[false]},"depends_on":["aws_security_group.allow_ssh","data.aws_vpc.main"]},{"address":"aws_security_group.allow_ssh","mode":"managed","type":"aws_security_group","name":"allow_ssh","provider_name":"registry.terraform.io/hashicorp/aws","schema_version":1,"values":{"arn":"arn:aws:ec2:us-east-1:864981743867:security-group/sg-040bd5d3dfc07639e","description":"Managed by Terraform","egress":[{"cidr_blocks":["0.0.0.0/0"],"description":"","from_port":0,"ipv6_cidr_blocks":[],"prefix_list_ids":[],"protocol":"-1","security_groups":[],"self":false,"to_port":0}],"id":"sg-040bd5d3dfc07639e","ingress":[{"cidr_blocks":["0.0.0.0/0"],"description":"","from_port":22,"ipv6_cidr_blocks":[],"prefix_list_ids":[],"protocol":"tcp","security_groups":[],"self":false,"to_port":22},{"cidr_blocks":["0.0.0.0/0"],"description":"","from_port":3389,"ipv6_cidr_blocks":[],"prefix_list_ids":[],"protocol":"tcp","security_groups":[],"self":false,"to_port":3389}],"name":"allow_ssh","name_prefix":"","owner_id":"864981743867","revoke_rules_on_delete":false,"tags":{},"tags_all":{},"timeouts":null,"vpc_id":"vpc-0d86301b9ec79dfa4"},"sensitive_values":{"egress":[{"cidr_blocks":[false],"ipv6_cidr_blocks":[],"prefix_list_ids":[],"security_groups":[]}],"ingress":[{"cidr_blocks":[false],"ipv6_cidr_blocks":[],"prefix_list_ids":[],"security_groups":[]},{"cidr_blocks":[false],"ipv6_cidr_blocks":[],"prefix_list_ids":[],"security_groups":[]}],"tags":{},"tags_all":{}},"depends_on":["data.aws_vpc.main"]}]}}},"configuration":{"provider_config":{"aws":{"name":"aws","full_name":"registry.terraform.io/hashicorp/aws","expressions":{"region":{"constant_value":"us-east-1"}}}},"root_module":{"resources":[{"address":"aws_db_instance.postgres","mode":"managed","type":"aws_db_instance","name":"postgres","provider_config_key":"aws","expressions":{"allocated_storage":{"constant_value":20},"engine":{"constant_value":"postgres"},"instance_class":{"constant_value":"db.t3.medium"},"kms_key_id":{"references":["data.aws_kms_key.rds.arn","data.aws_kms_key.rds"]},"parameter_group_name":{"references":["aws_db_parameter_group.postgresql.name","aws_db_parameter_group.postgresql"]},"password":{"constant_value":"password"},"skip_final_snapshot":{"constant_value":true},"storage_encrypted":{"constant_value":true},"tags":{"constant_value":{"Name":"example-postgres-instance"}},"username":{"constant_value":"dbadmin"}},"schema_version":2},{"address":"aws_db_parameter_group.postgresql","mode":"managed","type":"aws_db_parameter_group","name":"postgresql","provider_config_key":"aws","expressions":{"description":{"constant_value":"Custom parameter group for PostgreSQL"},"family":{"constant_value":"postgres16"},"name":{"constant_value":"custom-postgresql-parameter-group"},"parameter":[{"name":{"constant_value":"rds.force_ssl"},"value":{"constant_value":"1"}}]},"schema_version":0},{"address":"aws_instance.example","mode":"managed","type":"aws_instance","name":"example","provider_config_key":"aws","expressions":{"ami":{"constant_value":"ami-05576a079321f21f8"},"instance_type":{"constant_value":"t2.micro"},"security_groups":{"references":["aws_security_group.allow_ssh.name","aws_security_group.allow_ssh"]},"tags":{"constant_value":{"Name":"example-instance"}}},"schema_version":1},{"address":"aws_security_group.allow_ssh","mode":"managed","type":"aws_security_group","name":"allow_ssh","provider_config_key":"aws","expressions":{"egress":{"constant_value":[{"cidr_blocks":["0.0.0.0/0"],"description":null,"from_port":0,"ipv6_cidr_blocks":null,"prefix_list_ids":null,"protocol":"-1","security_groups":null,"self":null,"to_port":0}]},"name":{"constant_value":"allow_ssh"},"vpc_id":{"references":["data.aws_vpc.main.id","data.aws_vpc.main"]}},"schema_version":1},{"address":"data.aws_kms_key.rds","mode":"data","type":"aws_kms_key","name":"rds","provider_config_key":"aws","expressions":{"key_id":{"constant_value":"alias/aws/rds"}},"schema_version":0},{"address":"data.aws_vpc.main","mode":"data","type":"aws_vpc","name":"main","provider_config_key":"aws","expressions":{"cidr_block":{"constant_value":"172.31.0.0/16"}},"schema_version":0}],"variables":{"allowed_ports":{"default":[22,3389],"description":"List of allowed ports"}}}},"relevant_attributes":[{"resource":"aws_db_parameter_group.postgresql","attribute":["name"]},{"resource":"data.aws_kms_key.rds","attribute":["arn"]}],"timestamp":"2025-01-22T12:47:24Z"}
